
Microsoft Visual Studio Solution File, Format Version 12.00
# Visual Studio Version 17
VisualStudioVersion = 17.5.002.0
MinimumVisualStudioVersion = 10.0.40219.1
Project("{9A19103F-16F7-4668-BE54-9A1E7A4F7556}") = "Turnos", "Turnos.csproj", "{7B48E640-FFB5-4C56-8166-6765EEB7D570}"
EndProject
Global
	GlobalSection(SolutionConfigurationPlatforms) = preSolution
		Debug|Any CPU = Debug|Any CPU
		Release|Any CPU = Release|Any CPU
	EndGlobalSection
	GlobalSection(ProjectConfigurationPlatforms) = postSolution
		{7B48E640-FFB5-4C56-8166-6765EEB7D570}.Debug|Any CPU.ActiveCfg = Debug|Any CPU
		{7B48E640-FFB5-4C56-8166-6765EEB7D570}.Debug|Any CPU.Build.0 = Debug|Any CPU
		{7B48E640-FFB5-4C56-8166-6765EEB7D570}.Release|Any CPU.ActiveCfg = Release|Any CPU
		{7B48E640-FFB5-4C56-8166-6765EEB7D570}.Release|Any CPU.Build.0 = Release|Any CPU
	EndGlobalSection
	GlobalSection(SolutionProperties) = preSolution
		HideSolutionNode = FALSE
	EndGlobalSection
	GlobalSection(ExtensibilityGlobals) = postSolution
		SolutionGuid = {5A8842A0-0426-4983-9715-C365CA0CC82D}
	EndGlobalSection
EndGlobal
